// !$*UTF8*$!
{
	archiveVersion = 1;
	classes = {
	};
	objectVersion = 46;
	objects = {

/* Begin PBXBuildFile section */
		7F86FAEA1C69094500FAC766 /* AppDelegate.swift in Sources */ = {isa = PBXBuildFile; fileRef = 7F86FAE91C69094500FAC766 /* AppDelegate.swift */; };
		7F86FAEC1C69094500FAC766 /* ViewController.swift in Sources */ = {isa = PBXBuildFile; fileRef = 7F86FAEB1C69094500FAC766 /* ViewController.swift */; };
		7F86FAEF1C69094500FAC766 /* Main.storyboard in Resources */ = {isa = PBXBuildFile; fileRef = 7F86FAED1C69094500FAC766 /* Main.storyboard */; };
		7F86FAF11C69094500FAC766 /* Assets.xcassets in Resources */ = {isa = PBXBuildFile; fileRef = 7F86FAF01C69094500FAC766 /* Assets.xcassets */; };
		7F86FAF41C69094500FAC766 /* LaunchScreen.storyboard in Resources */ = {isa = PBXBuildFile; fileRef = 7F86FAF21C69094500FAC766 /* LaunchScreen.storyboard */; };
		7F86FAFF1C69094500FAC766 /* T1E1Tests.swift in Sources */ = {isa = PBXBuildFile; fileRef = 7F86FAFE1C69094500FAC766 /* T1E1Tests.swift */; };
		7F86FB0A1C69094500FAC766 /* T1E1UITests.swift in Sources */ = {isa = PBXBuildFile; fileRef = 7F86FB091C69094500FAC766 /* T1E1UITests.swift */; };
		7F86FB181C690AA800FAC766 /* NewController.swift in Sources */ = {isa = PBXBuildFile; fileRef = 7F86FB171C690AA800FAC766 /* NewController.swift */; };
/* End PBXBuildFile section */

/* Begin PBXContainerItemProxy section */
		7F86FAFB1C69094500FAC766 /* PBXContainerItemProxy */ = {
			isa = PBXContainerItemProxy;
			containerPortal = 7F86FADE1C69094500FAC766 /* Project object */;
			proxyType = 1;
			remoteGlobalIDString = 7F86FAE51C69094500FAC766;
			remoteInfo = T1E1;
		};
		7F86FB061C69094500FAC766 /* PBXContainerItemProxy */ = {
			isa = PBXContainerItemProxy;
			containerPortal = 7F86FADE1C69094500FAC766 /* Project object */;
			proxyType = 1;
			remoteGlobalIDString = 7F86FAE51C69094500FAC766;
			remoteInfo = T1E1;
		};
/* End PBXContainerItemProxy section */

/* Begin PBXFileReference section */
		7F86FAE61C69094500FAC766 /* T1E1.app */ = {isa = PBXFileReference; explicitFileType = wrapper.application; includeInIndex = 0; path = T1E1.app; sourceTree = BUILT_PRODUCTS_DIR; };
		7F86FAE91C69094500FAC766 /* AppDelegate.swift */ = {isa = PBXFileReference; lastKnownFileType = sourcecode.swift; path = AppDelegate.swift; sourceTree = "<group>"; };
		7F86FAEB1C69094500FAC766 /* ViewController.swift */ = {isa = PBXFileReference; lastKnownFileType = sourcecode.swift; path = ViewController.swift; sourceTree = "<group>"; };
		7F86FAEE1C69094500FAC766 /* Base */ = {isa = PBXFileReference; lastKnownFileType = file.storyboard; name = Base; path = Base.lproj/Main.storyboard; sourceTree = "<group>"; };
		7F86FAF01C69094500FAC766 /* Assets.xcassets */ = {isa = PBXFileReference; lastKnownFileType = folder.assetcatalog; path = Assets.xcassets; sourceTree = "<group>"; };
		7F86FAF31C69094500FAC766 /* Base */ = {isa = PBXFileReference; lastKnownFileType = file.storyboard; name = Base; path = Base.lproj/LaunchScreen.storyboard; sourceTree = "<group>"; };
		7F86FAF51C69094500FAC766 /* Info.plist */ = {isa = PBXFileReference; lastKnownFileType = text.plist.xml; path = Info.plist; sourceTree = "<group>"; };
		7F86FAFA1C69094500FAC766 /* T1E1Tests.xctest */ = {isa = PBXFileReference; explicitFileType = wrapper.cfbundle; includeInIndex = 0; path = T1E1Tests.xctest; sourceTree = BUILT_PRODUCTS_DIR; };
		7F86FAFE1C69094500FAC766 /* T1E1Tests.swift */ = {isa = PBXFileReference; lastKnownFileType = sourcecode.swift; path = T1E1Tests.swift; sourceTree = "<group>"; };
		7F86FB001C69094500FAC766 /* Info.plist */ = {isa = PBXFileReference; lastKnownFileType = text.plist.xml; path = Info.plist; sourceTree = "<group>"; };
		7F86FB051C69094500FAC766 /* T1E1UITests.xctest */ = {isa = PBXFileReference; explicitFileType = wrapper.cfbundle; includeInIndex = 0; path = T1E1UITests.xctest; sourceTree = BUILT_PRODUCTS_DIR; };
		7F86FB091C69094500FAC766 /* T1E1UITests.swift */ = {isa = PBXFileReference; lastKnownFileType = sourcecode.swift; path = T1E1UITests.swift; sourceTree = "<group>"; };
		7F86FB0B1C69094500FAC766 /* Info.plist */ = {isa = PBXFileReference; lastKnownFileType = text.plist.xml; path = Info.plist; sourceTree = "<group>"; };
		7F86FB171C690AA800FAC766 /* NewController.swift */ = {isa = PBXFileReference; fileEncoding = 4; lastKnownFileType = sourcecode.swift; path = NewController.swift; sourceTree = "<group>"; };
/* End PBXFileReference section */

/* Begin PBXFrameworksBuildPhase section */
		7F86FAE31C69094500FAC766 /* Frameworks */ = {
			isa = PBXFrameworksBuildPhase;
			buildActionMask = 2147483647;
			files = (
			);
			runOnlyForDeploymentPostprocessing = 0;
		};
		7F86FAF71C69094500FAC766 /* Frameworks */ = {
			isa = PBXFrameworksBuildPhase;
			buildActionMask = 2147483647;
			files = (
			);
			runOnlyForDeploymentPostprocessing = 0;
		};
		7F86FB021C69094500FAC766 /* Frameworks */ = {
			isa = PBXFrameworksBuildPhase;
			buildActionMask = 2147483647;
			files = (
			);
			runOnlyForDeploymentPostprocessing = 0;
		};
/* End PBXFrameworksBuildPhase section */

/* Begin PBXGroup section */
		7F86FADD1C69094500FAC766 = {
			isa = PBXGroup;
			children = (
				7F86FAE81C69094500FAC766 /* T1E1 */,
				7F86FAFD1C69094500FAC766 /* T1E1Tests */,
				7F86FB081C69094500FAC766 /* T1E1UITests */,
				7F86FAE71C69094500FAC766 /* Products */,
			);
			sourceTree = "<group>";
		};
		7F86FAE71C69094500FAC766 /* Products */ = {
			isa = PBXGroup;
			children = (
				7F86FAE61C69094500FAC766 /* T1E1.app */,
				7F86FAFA1C69094500FAC766 /* T1E1Tests.xctest */,
				7F86FB051C69094500FAC766 /* T1E1UITests.xctest */,
			);
			name = Products;
			sourceTree = "<group>";
		};
		7F86FAE81C69094500FAC766 /* T1E1 */ = {
			isa = PBXGroup;
			children = (
				7F86FAE91C69094500FAC766 /* AppDelegate.swift */,
				7F86FAEB1C69094500FAC766 /* ViewController.swift */,
				7F86FB171C690AA800FAC766 /* NewController.swift */,
				7F86FAED1C69094500FAC766 /* Main.storyboard */,
				7F86FAF01C69094500FAC766 /* Assets.xcassets */,
				7F86FAF21C69094500FAC766 /* LaunchScreen.storyboard */,
				7F86FAF51C69094500FAC766 /* Info.plist */,
			);
			path = T1E1;
			sourceTree = "<group>";
		};
		7F86FAFD1C69094500FAC766 /* T1E1Tests */ = {
			isa = PBXGroup;
			children = (
				7F86FAFE1C69094500FAC766 /* T1E1Tests.swift */,
				7F86FB001C69094500FAC766 /* Info.plist */,
			);
			path = T1E1Tests;
			sourceTree = "<group>";
		};
		7F86FB081C69094500FAC766 /* T1E1UITests */ = {
			isa = PBXGroup;
			children = (
				7F86FB091C69094500FAC766 /* T1E1UITests.swift */,
				7F86FB0B1C69094500FAC766 /* Info.plist */,
			);
			path = T1E1UITests;
			sourceTree = "<group>";
		};
/* End PBXGroup section */

/* Begin PBXNativeTarget section */
		7F86FAE51C69094500FAC766 /* T1E1 */ = {
			isa = PBXNativeTarget;
			buildConfigurationList = 7F86FB0E1C69094500FAC766 /* Build configuration list for PBXNativeTarget "T1E1" */;
			buildPhases = (
				7F86FAE21C69094500FAC766 /* Sources */,
				7F86FAE31C69094500FAC766 /* Frameworks */,
				7F86FAE41C69094500FAC766 /* Resources */,
			);
			buildRules = (
			);
			dependencies = (
			);
			name = T1E1;
			productName = T1E1;
			productReference = 7F86FAE61C69094500FAC766 /* T1E1.app */;
			productType = "com.apple.product-type.application";
		};
		7F86FAF91C69094500FAC766 /* T1E1Tests */ = {
			isa = PBXNativeTarget;
			buildConfigurationList = 7F86FB111C69094500FAC766 /* Build configuration list for PBXNativeTarget "T1E1Tests" */;
			buildPhases = (
				7F86FAF61C69094500FAC766 /* Sources */,
				7F86FAF71C69094500FAC766 /* Frameworks */,
				7F86FAF81C69094500FAC766 /* Resources */,
			);
			buildRules = (
			);
			dependencies = (
				7F86FAFC1C69094500FAC766 /* PBXTargetDependency */,
			);
			name = T1E1Tests;
			productName = T1E1Tests;
			productReference = 7F86FAFA1C69094500FAC766 /* T1E1Tests.xctest */;
			productType = "com.apple.product-type.bundle.unit-test";
		};
		7F86FB041C69094500FAC766 /* T1E1UITests */ = {
			isa = PBXNativeTarget;
			buildConfigurationList = 7F86FB141C69094500FAC766 /* Build configuration list for PBXNativeTarget "T1E1UITests" */;
			buildPhases = (
				7F86FB011C69094500FAC766 /* Sources */,
				7F86FB021C69094500FAC766 /* Frameworks */,
				7F86FB031C69094500FAC766 /* Resources */,
			);
			buildRules = (
			);
			dependencies = (
				7F86FB071C69094500FAC766 /* PBXTargetDependency */,
			);
			name = T1E1UITests;
			productName = T1E1UITests;
			productReference = 7F86FB051C69094500FAC766 /* T1E1UITests.xctest */;
			productType = "com.apple.product-type.bundle.ui-testing";
		};
/* End PBXNativeTarget section */

/* Begin PBXProject section */
		7F86FADE1C69094500FAC766 /* Project object */ = {
			isa = PBXProject;
			attributes = {
				LastSwiftUpdateCheck = 0720;
				LastUpgradeCheck = 0720;
				ORGANIZATIONNAME = "Esther Rodriguez Redondo";
				TargetAttributes = {
					7F86FAE51C69094500FAC766 = {
						CreatedOnToolsVersion = 7.2;
						SystemCapabilities = {
							com.apple.BackgroundModes = {
								enabled = 1;
							};
						};
					};
					7F86FAF91C69094500FAC766 = {
						CreatedOnToolsVersion = 7.2;
						TestTargetID = 7F86FAE51C69094500FAC766;
					};
					7F86FB041C69094500FAC766 = {
						CreatedOnToolsVersion = 7.2;
						TestTargetID = 7F86FAE51C69094500FAC766;
					};
				};
			};
			buildConfigurationList = 7F86FAE11C69094500FAC766 /* Build configuration list for PBXProject "T1E1" */;
			compatibilityVersion = "Xcode 3.2";
			developmentRegion = English;
			hasScannedForEncodings = 0;
			knownRegions = (
				en,
				Base,
			);
			mainGroup = 7F86FADD1C69094500FAC766;
			productRefGroup = 7F86FAE71C69094500FAC766 /* Products */;
			projectDirPath = "";
			projectRoot = "";
			targets = (
				7F86FAE51C69094500FAC766 /* T1E1 */,
				7F86FAF91C69094500FAC766 /* T1E1Tests */,
				7F86FB041C69094500FAC766 /* T1E1UITests */,
			);
		};
/* End PBXProject section */

/* Begin PBXResourcesBuildPhase section */
		7F86FAE41C69094500FAC766 /* Resources */ = {
			isa = PBXResourcesBuildPhase;
			buildActionMask = 2147483647;
			files = (
				7F86FAF41C69094500FAC766 /* LaunchScreen.storyboard in Resources */,
				7F86FAF11C69094500FAC766 /* Assets.xcassets in Resources */,
				7F86FAEF1C69094500FAC766 /* Main.storyboard in Resources */,
			);
			runOnlyForDeploymentPostprocessing = 0;
		};
		7F86FAF81C69094500FAC766 /* Resources */ = {
			isa = PBXResourcesBuildPhase;
			buildActionMask = 2147483647;
			files = (
			);
			runOnlyForDeploymentPostprocessing = 0;
		};
		7F86FB031C69094500FAC766 /* Resources */ = {
			isa = PBXResourcesBuildPhase;
			buildActionMask = 2147483647;
			files = (
			);
			runOnlyForDeploymentPostprocessing = 0;
		};
/* End PBXResourcesBuildPhase section */

/* Begin PBXSourcesBuildPhase section */
		7F86FAE21C69094500FAC766 /* Sources */ = {
			isa = PBXSourcesBuildPhase;
			buildActionMask = 2147483647;
			files = (
				7F86FAEC1C69094500FAC766 /* ViewController.swift in Sources */,
				7F86FB181C690AA800FAC766 /* NewController.swift in Sources */,
				7F86FAEA1C69094500FAC766 /* AppDelegate.swift in Sources */,
			);
			runOnlyForDeploymentPostprocessing = 0;
		};
		7F86FAF61C69094500FAC766 /* Sources */ = {
			isa = PBXSourcesBuildPhase;
			buildActionMask = 2147483647;
			files = (
				7F86FAFF1C69094500FAC766 /* T1E1Tests.swift in Sources */,
			);
			runOnlyForDeploymentPostprocessing = 0;
		};
		7F86FB011C69094500FAC766 /* Sources */ = {
			isa = PBXSourcesBuildPhase;
			buildActionMask = 2147483647;
			files = (
				7F86FB0A1C69094500FAC766 /* T1E1UITests.swift in Sources */,
			);
			runOnlyForDeploymentPostprocessing = 0;
		};
/* End PBXSourcesBuildPhase section */

/* Begin PBXTargetDependency section */
		7F86FAFC1C69094500FAC766 /* PBXTargetDependency */ = {
			isa = PBXTargetDependency;
			target = 7F86FAE51C69094500FAC766 /* T1E1 */;
			targetProxy = 7F86FAFB1C69094500FAC766 /* PBXContainerItemProxy */;
		};
		7F86FB071C69094500FAC766 /* PBXTargetDependency */ = {
			isa = PBXTargetDependency;
			target = 7F86FAE51C69094500FAC766 /* T1E1 */;
			targetProxy = 7F86FB061C69094500FAC766 /* PBXContainerItemProxy */;
		};
/* End PBXTargetDependency section */

/* Begin PBXVariantGroup section */
		7F86FAED1C69094500FAC766 /* Main.storyboard */ = {
			isa = PBXVariantGroup;
			children = (
				7F86FAEE1C69094500FAC766 /* Base */,
			);
			name = Main.storyboard;
			sourceTree = "<group>";
		};
		7F86FAF21C69094500FAC766 /* LaunchScreen.storyboard */ = {
			isa = PBXVariantGroup;
			children = (
				7F86FAF31C69094500FAC766 /* Base */,
			);
			name = LaunchScreen.storyboard;
			sourceTree = "<group>";
		};
/* End PBXVariantGroup section */

/* Begin XCBuildConfiguration section */
		7F86FB0C1C69094500FAC766 /* Debug */ = {
			isa = XCBuildConfiguration;
			buildSettings = {
				ALWAYS_SEARCH_USER_PATHS = NO;
				CLANG_CXX_LANGUAGE_STANDARD = "gnu++0x";
				CLANG_CXX_LIBRARY = "libc++";
				CLANG_ENABLE_MODULES = YES;
				CLANG_ENABLE_OBJC_ARC = YES;
				CLANG_WARN_BOOL_CONVERSION = YES;
				CLANG_WARN_CONSTANT_CONVERSION = YES;
				CLANG_WARN_DIRECT_OBJC_ISA_USAGE = YES_ERROR;
				CLANG_WARN_EMPTY_BODY = YES;
				CLANG_WARN_ENUM_CONVERSION = YES;
				CLANG_WARN_INT_CONVERSION = YES;
				CLANG_WARN_OBJC_ROOT_CLASS = YES_ERROR;
				CLANG_WARN_UNREACHABLE_CODE = YES;
				CLANG_WARN__DUPLICATE_METHOD_MATCH = YES;
				"CODE_SIGN_IDENTITY[sdk=iphoneos*]" = "iPhone Developer";
				COPY_PHASE_STRIP = NO;
				DEBUG_INFORMATION_FORMAT = dwarf;
				ENABLE_STRICT_OBJC_MSGSEND = YES;
				ENABLE_TESTABILITY = YES;
				GCC_C_LANGUAGE_STANDARD = gnu99;
				GCC_DYNAMIC_NO_PIC = NO;
				GCC_NO_COMMON_BLOCKS = YES;
				GCC_OPTIMIZATION_LEVEL = 0;
				GCC_PREPROCESSOR_DEFINITIONS = (
					"DEBUG=1",
					"$(inherited)",
				);
				GCC_WARN_64_TO_32_BIT_CONVERSION = YES;
				GCC_WARN_ABOUT_RETURN_TYPE = YES_ERROR;
				GCC_WARN_UNDECLARED_SELECTOR = YES;
				GCC_WARN_UNINITIALIZED_AUTOS = YES_AGGRESSIVE;
				GCC_WARN_UNUSED_FUNCTION = YES;
				GCC_WARN_UNUSED_VARIABLE = YES;
				IPHONEOS_DEPLOYMENT_TARGET = 8.0;
				MTL_ENABLE_DEBUG_INFO = YES;
				ONLY_ACTIVE_ARCH = YES;
				SDKROOT = iphoneos;
				SWIFT_OPTIMIZATION_LEVEL = "-Onone";
			};
			name = Debug;
		};
		7F86FB0D1C69094500FAC766 /* Release */ = {
			isa = XCBuildConfiguration;
			buildSettings = {
				ALWAYS_SEARCH_USER_PATHS = NO;
				CLANG_CXX_LANGUAGE_STANDARD = "gnu++0x";
				CLANG_CXX_LIBRARY = "libc++";
				CLANG_ENABLE_MODULES = YES;
				CLANG_ENABLE_OBJC_ARC = YES;
				CLANG_WARN_BOOL_CONVERSION = YES;
				CLANG_WARN_CONSTANT_CONVERSION = YES;
				CLANG_WARN_DIRECT_OBJC_ISA_USAGE = YES_ERROR;
				CLANG_WARN_EMPTY_BODY = YES;
				CLANG_WARN_ENUM_CONVERSION = YES;
				CLANG_WARN_INT_CONVERSION = YES;
				CLANG_WARN_OBJC_ROOT_CLASS = YES_ERROR;
				CLANG_WARN_UNREACHABLE_CODE = YES;
				CLANG_WARN__DUPLICATE_METHOD_MATCH = YES;
				"CODE_SIGN_IDENTITY[sdk=iphoneos*]" = "iPhone Developer";
				COPY_PHASE_STRIP = NO;
				DEBUG_INFORMATION_FORMAT = "dwarf-with-dsym";
				ENABLE_NS_ASSERTIONS = NO;
				ENABLE_STRICT_OBJC_MSGSEND = YES;
				GCC_C_LANGUAGE_STANDARD = gnu99;
				GCC_NO_COMMON_BLOCKS = YES;
				GCC_WARN_64_TO_32_BIT_CONVERSION = YES;
				GCC_WARN_ABOUT_RETURN_TYPE = YES_ERROR;
				GCC_WARN_UNDECLARED_SELECTOR = YES;
				GCC_WARN_UNINITIALIZED_AUTOS = YES_AGGRESSIVE;
				GCC_WARN_UNUSED_FUNCTION = YES;
				GCC_WARN_UNUSED_VARIABLE = YES;
				IPHONEOS_DEPLOYMENT_TARGET = 8.0;
				MTL_ENABLE_DEBUG_INFO = NO;
				SDKROOT = iphoneos;
				VALIDATE_PRODUCT = YES;
			};
			name = Release;
		};
		7F86FB0F1C69094500FAC766 /* Debug */ = {
			isa = XCBuildConfiguration;
			buildSettings = {
				ASSETCATALOG_COMPILER_APPICON_NAME = AppIcon;
				INFOPLIST_FILE = T1E1/Info.plist;
				IPHONEOS_DEPLOYMENT_TARGET = 8.0;
				LD_RUNPATH_SEARCH_PATHS = "$(inherited) @executable_path/Frameworks";
				PRODUCT_BUNDLE_IDENTIFIER = com.EstherRodriguez.T1E1;
				PRODUCT_NAME = "$(TARGET_NAME)";
			};
			name = Debug;
		};
		7F86FB101C69094500FAC766 /* Release */ = {
			isa = XCBuildConfiguration;
			buildSettings = {
				ASSETCATALOG_COMPILER_APPICON_NAME = AppIcon;
				INFOPLIST_FILE = T1E1/Info.plist;
				IPHONEOS_DEPLOYMENT_TARGET = 8.0;
				LD_RUNPATH_SEARCH_PATHS = "$(inherited) @executable_path/Frameworks";
				PRODUCT_BUNDLE_IDENTIFIER = com.EstherRodriguez.T1E1;
				PRODUCT_NAME = "$(TARGET_NAME)";
			};
			name = Release;
		};
		7F86FB121C69094500FAC766 /* Debug */ = {
			isa = XCBuildConfiguration;
			buildSettings = {
				BUNDLE_LOADER = "$(TEST_HOST)";
				INFOPLIST_FILE = T1E1Tests/Info.plist;
				LD_RUNPATH_SEARCH_PATHS = "$(inherited) @executable_path/Frameworks @loader_path/Frameworks";
				PRODUCT_BUNDLE_IDENTIFIER = com.EstherRodriguez.T1E1Tests;
				PRODUCT_NAME = "$(TARGET_NAME)";
				TEST_HOST = "$(BUILT_PRODUCTS_DIR)/T1E1.app/T1E1";
			};
			name = Debug;
		};
		7F86FB131C69094500FAC766 /* Release */ = {
			isa = XCBuildConfiguration;
			buildSettings = {
				BUNDLE_LOADER = "$(TEST_HOST)";
				INFOPLIST_FILE = T1E1Tests/Info.plist;
				LD_RUNPATH_SEARCH_PATHS = "$(inherited) @executable_path/Frameworks @loader_path/Frameworks";
				PRODUCT_BUNDLE_IDENTIFIER = com.EstherRodriguez.T1E1Tests;
				PRODUCT_NAME = "$(TARGET_NAME)";
				TEST_HOST = "$(BUILT_PRODUCTS_DIR)/T1E1.app/T1E1";
			};
			name = Release;
		};
		7F86FB151C69094500FAC766 /* Debug */ = {
			isa = XCBuildConfiguration;
			buildSettings = {
				INFOPLIST_FILE = T1E1UITests/Info.plist;
				LD_RUNPATH_SEARCH_PATHS = "$(inherited) @executable_path/Frameworks @loader_path/Frameworks";
				PRODUCT_BUNDLE_IDENTIFIER = com.EstherRodriguez.T1E1UITests;
				PRODUCT_NAME = "$(TARGET_NAME)";
				TEST_TARGET_NAME = T1E1;
				USES_XCTRUNNER = YES;
			};
			name = Debug;
		};
		7F86FB161C69094500FAC766 /* Release */ = {
			isa = XCBuildConfiguration;
			buildSettings = {
				INFOPLIST_FILE = T1E1UITests/Info.plist;
				LD_RUNPATH_SEARCH_PATHS = "$(inherited) @executable_path/Frameworks @loader_path/Frameworks";
				PRODUCT_BUNDLE_IDENTIFIER = com.EstherRodriguez.T1E1UITests;
				PRODUCT_NAME = "$(TARGET_NAME)";
				TEST_TARGET_NAME = T1E1;
				USES_XCTRUNNER = YES;
			};
			name = Release;
		};
/* End XCBuildConfiguration section */

/* Begin XCConfigurationList section */
		7F86FAE11C69094500FAC766 /* Build configuration list for PBXProject "T1E1" */ = {
			isa = XCConfigurationList;
			buildConfigurations = (
				7F86FB0C1C69094500FAC766 /* Debug */,
				7F86FB0D1C69094500FAC766 /* Release */,
			);
			defaultConfigurationIsVisible = 0;
			defaultConfigurationName = Release;
		};
		7F86FB0E1C69094500FAC766 /* Build configuration list for PBXNativeTarget "T1E1" */ = {
			isa = XCConfigurationList;
			buildConfigurations = (
				7F86FB0F1C69094500FAC766 /* Debug */,
				7F86FB101C69094500FAC766 /* Release */,
			);
			defaultConfigurationIsVisible = 0;
			defaultConfigurationName = Release;
		};
		7F86FB111C69094500FAC766 /* Build configuration list for PBXNativeTarget "T1E1Tests" */ = {
			isa = XCConfigurationList;
			buildConfigurations = (
				7F86FB121C69094500FAC766 /* Debug */,
				7F86FB131C69094500FAC766 /* Release */,
			);
			defaultConfigurationIsVisible = 0;
			defaultConfigurationName = Release;
		};
		7F86FB141C69094500FAC766 /* Build configuration list for PBXNativeTarget "T1E1UITests" */ = {
			isa = XCConfigurationList;
			buildConfigurations = (
				7F86FB151C69094500FAC766 /* Debug */,
				7F86FB161C69094500FAC766 /* Release */,
			);
			defaultConfigurationIsVisible = 0;
			defaultConfigurationName = Release;
		};
/* End XCConfigurationList section */
	};
	rootObject = 7F86FADE1C69094500FAC766 /* Project object */;
}
